
Microsoft Visual Studio Solution File, Format Version 12.00
# Visual Studio Version 17
VisualStudioVersion = 17.7.34024.191
MinimumVisualStudioVersion = 10.0.40219.1
Project("{8BC9CEB8-8B4A-11D0-8D11-00A0C91BC942}") = "transferPython", "transferPython.vcxproj", "{E0FBF74A-0A22-4099-AF3B-23BB91DA87E0}"
EndProject
Project("{8BC9CEB8-8B4A-11D0-8D11-00A0C91BC942}") = "EquityOption", "..\QuantLib-1.33\Examples\EquityOption\EquityOption.vcxproj", "{EF6D982C-CF99-4442-B297-776DBECFAFC9}"
EndProject
Project("{8BC9CEB8-8B4A-11D0-8D11-00A0C91BC942}") = "QuantLib", "..\QuantLib-1.33\QuantLib.vcxproj", "{AD0A27DA-91DA-46A2-ACBD-296C419ED3AA}"
EndProject
Project("{8BC9CEB8-8B4A-11D0-8D11-00A0C91BC942}") = "learnQuantlib", "..\learnQuantlib\learnQuantlib.vcxproj", "{F08B3232-B644-4922-980C-E0983F9F6819}"
EndProject
Project("{8BC9CEB8-8B4A-11D0-8D11-00A0C91BC942}") = "testsuite", "..\QuantLib-1.33\test-suite\testsuite.vcxproj", "{A613045C-34AF-4706-AA3C-730C92524F74}"
EndProject
Global
	GlobalSection(SolutionConfigurationPlatforms) = preSolution
		Debug (static runtime)|x64 = Debug (static runtime)|x64
		Debug (static runtime)|x86 = Debug (static runtime)|x86
		Debug|x64 = Debug|x64
		Debug|x86 = Debug|x86
		Release (static runtime)|x64 = Release (static runtime)|x64
		Release (static runtime)|x86 = Release (static runtime)|x86
		Release|x64 = Release|x64
		Release|x86 = Release|x86
	EndGlobalSection
	GlobalSection(ProjectConfigurationPlatforms) = postSolution
		{E0FBF74A-0A22-4099-AF3B-23BB91DA87E0}.Debug (static runtime)|x64.ActiveCfg = Debug|x64
		{E0FBF74A-0A22-4099-AF3B-23BB91DA87E0}.Debug (static runtime)|x64.Build.0 = Debug|x64
		{E0FBF74A-0A22-4099-AF3B-23BB91DA87E0}.Debug (static runtime)|x86.ActiveCfg = Debug|Win32
		{E0FBF74A-0A22-4099-AF3B-23BB91DA87E0}.Debug (static runtime)|x86.Build.0 = Debug|Win32
		{E0FBF74A-0A22-4099-AF3B-23BB91DA87E0}.Debug|x64.ActiveCfg = Debug|x64
		{E0FBF74A-0A22-4099-AF3B-23BB91DA87E0}.Debug|x64.Build.0 = Debug|x64
		{E0FBF74A-0A22-4099-AF3B-23BB91DA87E0}.Debug|x86.ActiveCfg = Debug|Win32
		{E0FBF74A-0A22-4099-AF3B-23BB91DA87E0}.Debug|x86.Build.0 = Debug|Win32
		{E0FBF74A-0A22-4099-AF3B-23BB91DA87E0}.Release (static runtime)|x64.ActiveCfg = Release|x64
		{E0FBF74A-0A22-4099-AF3B-23BB91DA87E0}.Release (static runtime)|x64.Build.0 = Release|x64
		{E0FBF74A-0A22-4099-AF3B-23BB91DA87E0}.Release (static runtime)|x86.ActiveCfg = Release|Win32
		{E0FBF74A-0A22-4099-AF3B-23BB91DA87E0}.Release (static runtime)|x86.Build.0 = Release|Win32
		{E0FBF74A-0A22-4099-AF3B-23BB91DA87E0}.Release|x64.ActiveCfg = Release|x64
		{E0FBF74A-0A22-4099-AF3B-23BB91DA87E0}.Release|x64.Build.0 = Release|x64
		{E0FBF74A-0A22-4099-AF3B-23BB91DA87E0}.Release|x86.ActiveCfg = Release|Win32
		{E0FBF74A-0A22-4099-AF3B-23BB91DA87E0}.Release|x86.Build.0 = Release|Win32
		{EF6D982C-CF99-4442-B297-776DBECFAFC9}.Debug (static runtime)|x64.ActiveCfg = Debug (static runtime)|x64
		{EF6D982C-CF99-4442-B297-776DBECFAFC9}.Debug (static runtime)|x64.Build.0 = Debug (static runtime)|x64
		{EF6D982C-CF99-4442-B297-776DBECFAFC9}.Debug (static runtime)|x86.ActiveCfg = Debug (static runtime)|Win32
		{EF6D982C-CF99-4442-B297-776DBECFAFC9}.Debug (static runtime)|x86.Build.0 = Debug (static runtime)|Win32
		{EF6D982C-CF99-4442-B297-776DBECFAFC9}.Debug|x64.ActiveCfg = Debug|x64
		{EF6D982C-CF99-4442-B297-776DBECFAFC9}.Debug|x64.Build.0 = Debug|x64
		{EF6D982C-CF99-4442-B297-776DBECFAFC9}.Debug|x86.ActiveCfg = Debug|Win32
		{EF6D982C-CF99-4442-B297-776DBECFAFC9}.Debug|x86.Build.0 = Debug|Win32
		{EF6D982C-CF99-4442-B297-776DBECFAFC9}.Release (static runtime)|x64.ActiveCfg = Release (static runtime)|x64
		{EF6D982C-CF99-4442-B297-776DBECFAFC9}.Release (static runtime)|x64.Build.0 = Release (static runtime)|x64
		{EF6D982C-CF99-4442-B297-776DBECFAFC9}.Release (static runtime)|x86.ActiveCfg = Release (static runtime)|Win32
		{EF6D982C-CF99-4442-B297-776DBECFAFC9}.Release (static runtime)|x86.Build.0 = Release (static runtime)|Win32
		{EF6D982C-CF99-4442-B297-776DBECFAFC9}.Release|x64.ActiveCfg = Release|x64
		{EF6D982C-CF99-4442-B297-776DBECFAFC9}.Release|x64.Build.0 = Release|x64
		{EF6D982C-CF99-4442-B297-776DBECFAFC9}.Release|x86.ActiveCfg = Release|Win32
		{EF6D982C-CF99-4442-B297-776DBECFAFC9}.Release|x86.Build.0 = Release|Win32
		{AD0A27DA-91DA-46A2-ACBD-296C419ED3AA}.Debug (static runtime)|x64.ActiveCfg = Debug (static runtime)|x64
		{AD0A27DA-91DA-46A2-ACBD-296C419ED3AA}.Debug (static runtime)|x64.Build.0 = Debug (static runtime)|x64
		{AD0A27DA-91DA-46A2-ACBD-296C419ED3AA}.Debug (static runtime)|x86.ActiveCfg = Debug (static runtime)|Win32
		{AD0A27DA-91DA-46A2-ACBD-296C419ED3AA}.Debug (static runtime)|x86.Build.0 = Debug (static runtime)|Win32
		{AD0A27DA-91DA-46A2-ACBD-296C419ED3AA}.Debug|x64.ActiveCfg = Debug|x64
		{AD0A27DA-91DA-46A2-ACBD-296C419ED3AA}.Debug|x64.Build.0 = Debug|x64
		{AD0A27DA-91DA-46A2-ACBD-296C419ED3AA}.Debug|x86.ActiveCfg = Debug|Win32
		{AD0A27DA-91DA-46A2-ACBD-296C419ED3AA}.Debug|x86.Build.0 = Debug|Win32
		{AD0A27DA-91DA-46A2-ACBD-296C419ED3AA}.Release (static runtime)|x64.ActiveCfg = Release (static runtime)|x64
		{AD0A27DA-91DA-46A2-ACBD-296C419ED3AA}.Release (static runtime)|x64.Build.0 = Release (static runtime)|x64
		{AD0A27DA-91DA-46A2-ACBD-296C419ED3AA}.Release (static runtime)|x86.ActiveCfg = Release (static runtime)|Win32
		{AD0A27DA-91DA-46A2-ACBD-296C419ED3AA}.Release (static runtime)|x86.Build.0 = Release (static runtime)|Win32
		{AD0A27DA-91DA-46A2-ACBD-296C419ED3AA}.Release|x64.ActiveCfg = Release|x64
		{AD0A27DA-91DA-46A2-ACBD-296C419ED3AA}.Release|x64.Build.0 = Release|x64
		{AD0A27DA-91DA-46A2-ACBD-296C419ED3AA}.Release|x86.ActiveCfg = Release|Win32
		{AD0A27DA-91DA-46A2-ACBD-296C419ED3AA}.Release|x86.Build.0 = Release|Win32
		{F08B3232-B644-4922-980C-E0983F9F6819}.Debug (static runtime)|x64.ActiveCfg = Debug|x64
		{F08B3232-B644-4922-980C-E0983F9F6819}.Debug (static runtime)|x64.Build.0 = Debug|x64
		{F08B3232-B644-4922-980C-E0983F9F6819}.Debug (static runtime)|x86.ActiveCfg = Debug|Win32
		{F08B3232-B644-4922-980C-E0983F9F6819}.Debug (static runtime)|x86.Build.0 = Debug|Win32
		{F08B3232-B644-4922-980C-E0983F9F6819}.Debug|x64.ActiveCfg = Debug|x64
		{F08B3232-B644-4922-980C-E0983F9F6819}.Debug|x64.Build.0 = Debug|x64
		{F08B3232-B644-4922-980C-E0983F9F6819}.Debug|x86.ActiveCfg = Debug|Win32
		{F08B3232-B644-4922-980C-E0983F9F6819}.Debug|x86.Build.0 = Debug|Win32
		{F08B3232-B644-4922-980C-E0983F9F6819}.Release (static runtime)|x64.ActiveCfg = Release|x64
		{F08B3232-B644-4922-980C-E0983F9F6819}.Release (static runtime)|x64.Build.0 = Release|x64
		{F08B3232-B644-4922-980C-E0983F9F6819}.Release (static runtime)|x86.ActiveCfg = Release|Win32
		{F08B3232-B644-4922-980C-E0983F9F6819}.Release (static runtime)|x86.Build.0 = Release|Win32
		{F08B3232-B644-4922-980C-E0983F9F6819}.Release|x64.ActiveCfg = Release|x64
		{F08B3232-B644-4922-980C-E0983F9F6819}.Release|x64.Build.0 = Release|x64
		{F08B3232-B644-4922-980C-E0983F9F6819}.Release|x86.ActiveCfg = Release|Win32
		{F08B3232-B644-4922-980C-E0983F9F6819}.Release|x86.Build.0 = Release|Win32
		{A613045C-34AF-4706-AA3C-730C92524F74}.Debug (static runtime)|x64.ActiveCfg = Debug (static runtime)|x64
		{A613045C-34AF-4706-AA3C-730C92524F74}.Debug (static runtime)|x64.Build.0 = Debug (static runtime)|x64
		{A613045C-34AF-4706-AA3C-730C92524F74}.Debug (static runtime)|x86.ActiveCfg = Debug (static runtime)|Win32
		{A613045C-34AF-4706-AA3C-730C92524F74}.Debug (static runtime)|x86.Build.0 = Debug (static runtime)|Win32
		{A613045C-34AF-4706-AA3C-730C92524F74}.Debug|x64.ActiveCfg = Debug|x64
		{A613045C-34AF-4706-AA3C-730C92524F74}.Debug|x64.Build.0 = Debug|x64
		{A613045C-34AF-4706-AA3C-730C92524F74}.Debug|x86.ActiveCfg = Debug|Win32
		{A613045C-34AF-4706-AA3C-730C92524F74}.Debug|x86.Build.0 = Debug|Win32
		{A613045C-34AF-4706-AA3C-730C92524F74}.Release (static runtime)|x64.ActiveCfg = Release (static runtime)|x64
		{A613045C-34AF-4706-AA3C-730C92524F74}.Release (static runtime)|x64.Build.0 = Release (static runtime)|x64
		{A613045C-34AF-4706-AA3C-730C92524F74}.Release (static runtime)|x86.ActiveCfg = Release (static runtime)|Win32
		{A613045C-34AF-4706-AA3C-730C92524F74}.Release (static runtime)|x86.Build.0 = Release (static runtime)|Win32
		{A613045C-34AF-4706-AA3C-730C92524F74}.Release|x64.ActiveCfg = Release|x64
		{A613045C-34AF-4706-AA3C-730C92524F74}.Release|x64.Build.0 = Release|x64
		{A613045C-34AF-4706-AA3C-730C92524F74}.Release|x86.ActiveCfg = Release|Win32
		{A613045C-34AF-4706-AA3C-730C92524F74}.Release|x86.Build.0 = Release|Win32
	EndGlobalSection
	GlobalSection(SolutionProperties) = preSolution
		HideSolutionNode = FALSE
	EndGlobalSection
	GlobalSection(ExtensibilityGlobals) = postSolution
		SolutionGuid = {CDFDC48E-1BB6-4F07-91C0-2DB2F8D61532}
	EndGlobalSection
EndGlobal
